{
  "name": "ai-study-buddy",
  "version": "1.0.0",
  "lockfileVersion": 3,
  "requires": true,
  "packages": {
    "": {
      "name": "ai-study-buddy",
      "version": "1.0.0",
      "license": "MIT",
      "dependencies": {
        "intasend-node": "^1.1.2"
      }
    },
    "node_modules/intasend-node": {
      "version": "1.1.2",
      "resolved": "https://registry.npmjs.org/intasend-node/-/intasend-node-1.1.2.tgz",
      "integrity": "sha512-V9zQdcKEwFfMhfTKz7OrmSJ73BmBmT7MkjA2iN2k4PyxomOtWVgIYP5zYL9lF0wGuzpJaIp9cI8cZFo06n1TKQ==",
      "license": "GNU Affero General Public License v3.0"
    }
  }
}
